
Microsoft Visual Studio Solution File, Format Version 12.00
# Visual Studio Version 17
VisualStudioVersion = 17.8.34330.188
MinimumVisualStudioVersion = 10.0.40219.1
Project("{FAE04EC0-301F-11D3-BF4B-00C04F79EFBC}") = "CookBook.Android", "CookBook\CookBook.Android\CookBook.Android.csproj", "{414CC660-B02B-4579-BA8D-24BD2C4E748C}"
EndProject
Project("{FAE04EC0-301F-11D3-BF4B-00C04F79EFBC}") = "CookBook", "CookBook\CookBook\CookBook.csproj", "{42B6C01A-69BE-44DA-9B5B-1777F3216D2F}"
EndProject
Global
	GlobalSection(SolutionConfigurationPlatforms) = preSolution
		Debug|Any CPU = Debug|Any CPU
		Release|Any CPU = Release|Any CPU
	EndGlobalSection
	GlobalSection(ProjectConfigurationPlatforms) = postSolution
		{414CC660-B02B-4579-BA8D-24BD2C4E748C}.Debug|Any CPU.ActiveCfg = Debug|Any CPU
		{414CC660-B02B-4579-BA8D-24BD2C4E748C}.Debug|Any CPU.Build.0 = Debug|Any CPU
		{414CC660-B02B-4579-BA8D-24BD2C4E748C}.Debug|Any CPU.Deploy.0 = Debug|Any CPU
		{414CC660-B02B-4579-BA8D-24BD2C4E748C}.Release|Any CPU.ActiveCfg = Release|Any CPU
		{414CC660-B02B-4579-BA8D-24BD2C4E748C}.Release|Any CPU.Build.0 = Release|Any CPU
		{414CC660-B02B-4579-BA8D-24BD2C4E748C}.Release|Any CPU.Deploy.0 = Release|Any CPU
		{42B6C01A-69BE-44DA-9B5B-1777F3216D2F}.Debug|Any CPU.ActiveCfg = Debug|Any CPU
		{42B6C01A-69BE-44DA-9B5B-1777F3216D2F}.Debug|Any CPU.Build.0 = Debug|Any CPU
		{42B6C01A-69BE-44DA-9B5B-1777F3216D2F}.Debug|Any CPU.Deploy.0 = Debug|Any CPU
		{42B6C01A-69BE-44DA-9B5B-1777F3216D2F}.Release|Any CPU.ActiveCfg = Release|Any CPU
		{42B6C01A-69BE-44DA-9B5B-1777F3216D2F}.Release|Any CPU.Build.0 = Release|Any CPU
		{42B6C01A-69BE-44DA-9B5B-1777F3216D2F}.Release|Any CPU.Deploy.0 = Release|Any CPU
	EndGlobalSection
	GlobalSection(SolutionProperties) = preSolution
		HideSolutionNode = FALSE
	EndGlobalSection
	GlobalSection(ExtensibilityGlobals) = postSolution
		SolutionGuid = {8BFED641-DF0E-4C99-B79E-C03AD95093B8}
	EndGlobalSection
EndGlobal
